
Microsoft Visual Studio Solution File, Format Version 12.00
# Visual Studio Version 17
VisualStudioVersion = 17.2.32630.192
MinimumVisualStudioVersion = 10.0.40219.1
Project("{9092AA53-FB77-4645-B42D-1CCCA6BD08BD}") = "NodejsWebApp", "NodejsWebApp.njsproj", "{98566C3D-E162-4E67-BD96-9A545EE140A0}"
EndProject
Global
	GlobalSection(SolutionConfigurationPlatforms) = preSolution
		Debug|Any CPU = Debug|Any CPU
		Release|Any CPU = Release|Any CPU
	EndGlobalSection
	GlobalSection(ProjectConfigurationPlatforms) = postSolution
		{98566C3D-E162-4E67-BD96-9A545EE140A0}.Debug|Any CPU.ActiveCfg = Debug|Any CPU
		{98566C3D-E162-4E67-BD96-9A545EE140A0}.Debug|Any CPU.Build.0 = Debug|Any CPU
		{98566C3D-E162-4E67-BD96-9A545EE140A0}.Release|Any CPU.ActiveCfg = Release|Any CPU
		{98566C3D-E162-4E67-BD96-9A545EE140A0}.Release|Any CPU.Build.0 = Release|Any CPU
	EndGlobalSection
	GlobalSection(SolutionProperties) = preSolution
		HideSolutionNode = FALSE
	EndGlobalSection
	GlobalSection(ExtensibilityGlobals) = postSolution
		SolutionGuid = {4599C754-CF13-405B-995B-C98893F52A9C}
	EndGlobalSection
EndGlobal
