
Microsoft Visual Studio Solution File, Format Version 12.00
# Visual Studio Version 17
VisualStudioVersion = 17.2.32602.215
MinimumVisualStudioVersion = 10.0.40219.1
Project("{FAE04EC0-301F-11D3-BF4B-00C04F79EFBC}") = "MailingWebAPI", "MailingWebAPI.csproj", "{BE702419-E7EA-4053-B3AB-02DDA5A74B0D}"
EndProject
Global
	GlobalSection(SolutionConfigurationPlatforms) = preSolution
		Debug|Any CPU = Debug|Any CPU
		Release|Any CPU = Release|Any CPU
	EndGlobalSection
	GlobalSection(ProjectConfigurationPlatforms) = postSolution
		{BE702419-E7EA-4053-B3AB-02DDA5A74B0D}.Debug|Any CPU.ActiveCfg = Debug|Any CPU
		{BE702419-E7EA-4053-B3AB-02DDA5A74B0D}.Debug|Any CPU.Build.0 = Debug|Any CPU
		{BE702419-E7EA-4053-B3AB-02DDA5A74B0D}.Release|Any CPU.ActiveCfg = Release|Any CPU
		{BE702419-E7EA-4053-B3AB-02DDA5A74B0D}.Release|Any CPU.Build.0 = Release|Any CPU
	EndGlobalSection
	GlobalSection(SolutionProperties) = preSolution
		HideSolutionNode = FALSE
	EndGlobalSection
	GlobalSection(ExtensibilityGlobals) = postSolution
		SolutionGuid = {680DE864-85A7-4A7D-9913-A601424DF0A3}
	EndGlobalSection
EndGlobal
